
Microsoft Visual Studio Solution File, Format Version 12.00
# Visual Studio Version 17
VisualStudioVersion = 17.0.31903.59
MinimumVisualStudioVersion = 10.0.40219.1
Project("{2150E333-8FDC-42A3-9474-1A3956D46DE8}") = "src", "src", "{CBECD1E9-8AA4-4C0F-8320-BF4B25ED1F8E}"
EndProject
Project("{9A19103F-16F7-4668-BE54-9A1E7A4F7556}") = "MusicEvents.Cross.Mail", "src\MusicEvents.Cross.Mail\MusicEvents.Cross.Mail.csproj", "{DC7F4851-D978-4909-B6F1-63057197BDCC}"
EndProject
Project("{FAE04EC0-301F-11D3-BF4B-00C04F79EFBC}") = "MusicEvents.Cross.Storage", "src\MusicEvents.Cross.Storage\MusicEvents.Cross.Storage.csproj", "{4F9A109D-9B08-407F-9595-47DC81A43407}"
EndProject
Project("{FAE04EC0-301F-11D3-BF4B-00C04F79EFBC}") = "MusicEvents.Cross.Util", "src\MusicEvents.Cross.Util\MusicEvents.Cross.Util.csproj", "{D026A5AE-3774-4261-9AF1-17969A80C7F2}"
EndProject
Global
	GlobalSection(SolutionConfigurationPlatforms) = preSolution
		Debug|Any CPU = Debug|Any CPU
		Release|Any CPU = Release|Any CPU
	EndGlobalSection
	GlobalSection(ProjectConfigurationPlatforms) = postSolution
		{DC7F4851-D978-4909-B6F1-63057197BDCC}.Debug|Any CPU.ActiveCfg = Debug|Any CPU
		{DC7F4851-D978-4909-B6F1-63057197BDCC}.Debug|Any CPU.Build.0 = Debug|Any CPU
		{DC7F4851-D978-4909-B6F1-63057197BDCC}.Release|Any CPU.ActiveCfg = Release|Any CPU
		{DC7F4851-D978-4909-B6F1-63057197BDCC}.Release|Any CPU.Build.0 = Release|Any CPU
		{4F9A109D-9B08-407F-9595-47DC81A43407}.Debug|Any CPU.ActiveCfg = Debug|Any CPU
		{4F9A109D-9B08-407F-9595-47DC81A43407}.Debug|Any CPU.Build.0 = Debug|Any CPU
		{4F9A109D-9B08-407F-9595-47DC81A43407}.Release|Any CPU.ActiveCfg = Release|Any CPU
		{4F9A109D-9B08-407F-9595-47DC81A43407}.Release|Any CPU.Build.0 = Release|Any CPU
		{D026A5AE-3774-4261-9AF1-17969A80C7F2}.Debug|Any CPU.ActiveCfg = Debug|Any CPU
		{D026A5AE-3774-4261-9AF1-17969A80C7F2}.Debug|Any CPU.Build.0 = Debug|Any CPU
		{D026A5AE-3774-4261-9AF1-17969A80C7F2}.Release|Any CPU.ActiveCfg = Release|Any CPU
		{D026A5AE-3774-4261-9AF1-17969A80C7F2}.Release|Any CPU.Build.0 = Release|Any CPU
	EndGlobalSection
	GlobalSection(SolutionProperties) = preSolution
		HideSolutionNode = FALSE
	EndGlobalSection
	GlobalSection(NestedProjects) = preSolution
		{DC7F4851-D978-4909-B6F1-63057197BDCC} = {CBECD1E9-8AA4-4C0F-8320-BF4B25ED1F8E}
		{4F9A109D-9B08-407F-9595-47DC81A43407} = {CBECD1E9-8AA4-4C0F-8320-BF4B25ED1F8E}
		{D026A5AE-3774-4261-9AF1-17969A80C7F2} = {CBECD1E9-8AA4-4C0F-8320-BF4B25ED1F8E}
	EndGlobalSection
	GlobalSection(ExtensibilityGlobals) = postSolution
		SolutionGuid = {BC7D0808-DC0B-4901-9203-46D7322E05DC}
	EndGlobalSection
EndGlobal
